
Microsoft Visual Studio Solution File, Format Version 12.00
# Visual Studio Version 17
VisualStudioVersion = 17.0.31903.59
MinimumVisualStudioVersion = 10.0.40219.1
Project("{2150E333-8FDC-42A3-9474-1A3956D46DE8}") = "src", "src", "{827E0CD3-B72D-47B6-A68D-7590B98EB39B}"
EndProject
Project("{2150E333-8FDC-42A3-9474-1A3956D46DE8}") = "01.Base", "01.Base", "{3E865F30-D7FB-48C9-6126-39D3FCCB931E}"
EndProject
Project("{FAE04EC0-301F-11D3-BF4B-00C04F79EFBC}") = "MyApp.Base", "src\01.Base\MyApp.Base.csproj", "{B684BEA8-11FE-4F3C-8912-F082AABAC469}"
EndProject
Project("{2150E333-8FDC-42A3-9474-1A3956D46DE8}") = "02.Domain", "02.Domain", "{7757B762-058D-DE25-69FE-0EE28D12EA91}"
EndProject
Project("{FAE04EC0-301F-11D3-BF4B-00C04F79EFBC}") = "MyApp.Domain", "src\02.Domain\MyApp.Domain.csproj", "{1134FE39-E03B-41EA-89FA-4A742F1E5446}"
EndProject
Project("{2150E333-8FDC-42A3-9474-1A3956D46DE8}") = "03.Shared", "03.Shared", "{6F864390-CFE2-0ED2-5E5F-086846552F07}"
EndProject
Project("{FAE04EC0-301F-11D3-BF4B-00C04F79EFBC}") = "MyApp.Shared", "src\03.Shared\MyApp.Shared.csproj", "{524BBC9A-0FEB-4559-904A-6391BCC9AE62}"
EndProject
Project("{2150E333-8FDC-42A3-9474-1A3956D46DE8}") = "04.Application", "04.Application", "{74107BDA-1FEC-27BA-53B8-C34EAC745894}"
EndProject
Project("{FAE04EC0-301F-11D3-BF4B-00C04F79EFBC}") = "MyApp.Application", "src\04.Application\MyApp.Application.csproj", "{D6812387-A018-432C-ADC5-939E513E4314}"
EndProject
Project("{2150E333-8FDC-42A3-9474-1A3956D46DE8}") = "05.Infrastructure", "05.Infrastructure", "{DF1B13BC-E0E0-CA68-9E0A-BA490D8CF391}"
EndProject
Project("{FAE04EC0-301F-11D3-BF4B-00C04F79EFBC}") = "MyApp.Infrastructure", "src\05.Infrastructure\MyApp.Infrastructure.csproj", "{EEE0655B-C2B1-4E5B-935A-6DEDBBCEEC1C}"
EndProject
Project("{2150E333-8FDC-42A3-9474-1A3956D46DE8}") = "06.WebAPI", "06.WebAPI", "{42823BCA-5258-21C1-E865-67A72F6BF87E}"
EndProject
Project("{FAE04EC0-301F-11D3-BF4B-00C04F79EFBC}") = "MyApp.WebAPI", "src\06.WebAPI\MyApp.WebAPI.csproj", "{DB26106C-AAA8-463F-8430-2971998B003E}"
EndProject
Project("{2150E333-8FDC-42A3-9474-1A3956D46DE8}") = "07.Client", "07.Client", "{690BC43B-6412-5D5A-129B-6153746FCABF}"
EndProject
Project("{FAE04EC0-301F-11D3-BF4B-00C04F79EFBC}") = "MyApp.Client", "src\07.Client\MyApp.Client.csproj", "{95C41C7F-14C5-4C33-B8A7-31D804317091}"
EndProject
Project("{2150E333-8FDC-42A3-9474-1A3956D46DE8}") = "08.BlazorUI", "08.BlazorUI", "{D6177195-67A5-BCD7-0CBB-2ABAC7C95789}"
EndProject
Project("{FAE04EC0-301F-11D3-BF4B-00C04F79EFBC}") = "MyApp.BlazorUI", "src\08.BlazorUI\MyApp.BlazorUI.csproj", "{7635DE55-D2D4-493B-B7F8-F7501FF14612}"
EndProject
Global
	GlobalSection(SolutionConfigurationPlatforms) = preSolution
		Debug|Any CPU = Debug|Any CPU
		Debug|x64 = Debug|x64
		Debug|x86 = Debug|x86
		Release|Any CPU = Release|Any CPU
		Release|x64 = Release|x64
		Release|x86 = Release|x86
	EndGlobalSection
	GlobalSection(ProjectConfigurationPlatforms) = postSolution
		{B684BEA8-11FE-4F3C-8912-F082AABAC469}.Debug|Any CPU.ActiveCfg = Debug|Any CPU
		{B684BEA8-11FE-4F3C-8912-F082AABAC469}.Debug|Any CPU.Build.0 = Debug|Any CPU
		{B684BEA8-11FE-4F3C-8912-F082AABAC469}.Debug|x64.ActiveCfg = Debug|Any CPU
		{B684BEA8-11FE-4F3C-8912-F082AABAC469}.Debug|x64.Build.0 = Debug|Any CPU
		{B684BEA8-11FE-4F3C-8912-F082AABAC469}.Debug|x86.ActiveCfg = Debug|Any CPU
		{B684BEA8-11FE-4F3C-8912-F082AABAC469}.Debug|x86.Build.0 = Debug|Any CPU
		{B684BEA8-11FE-4F3C-8912-F082AABAC469}.Release|Any CPU.ActiveCfg = Release|Any CPU
		{B684BEA8-11FE-4F3C-8912-F082AABAC469}.Release|Any CPU.Build.0 = Release|Any CPU
		{B684BEA8-11FE-4F3C-8912-F082AABAC469}.Release|x64.ActiveCfg = Release|Any CPU
		{B684BEA8-11FE-4F3C-8912-F082AABAC469}.Release|x64.Build.0 = Release|Any CPU
		{B684BEA8-11FE-4F3C-8912-F082AABAC469}.Release|x86.ActiveCfg = Release|Any CPU
		{B684BEA8-11FE-4F3C-8912-F082AABAC469}.Release|x86.Build.0 = Release|Any CPU
		{1134FE39-E03B-41EA-89FA-4A742F1E5446}.Debug|Any CPU.ActiveCfg = Debug|Any CPU
		{1134FE39-E03B-41EA-89FA-4A742F1E5446}.Debug|Any CPU.Build.0 = Debug|Any CPU
		{1134FE39-E03B-41EA-89FA-4A742F1E5446}.Debug|x64.ActiveCfg = Debug|Any CPU
		{1134FE39-E03B-41EA-89FA-4A742F1E5446}.Debug|x64.Build.0 = Debug|Any CPU
		{1134FE39-E03B-41EA-89FA-4A742F1E5446}.Debug|x86.ActiveCfg = Debug|Any CPU
		{1134FE39-E03B-41EA-89FA-4A742F1E5446}.Debug|x86.Build.0 = Debug|Any CPU
		{1134FE39-E03B-41EA-89FA-4A742F1E5446}.Release|Any CPU.ActiveCfg = Release|Any CPU
		{1134FE39-E03B-41EA-89FA-4A742F1E5446}.Release|Any CPU.Build.0 = Release|Any CPU
		{1134FE39-E03B-41EA-89FA-4A742F1E5446}.Release|x64.ActiveCfg = Release|Any CPU
		{1134FE39-E03B-41EA-89FA-4A742F1E5446}.Release|x64.Build.0 = Release|Any CPU
		{1134FE39-E03B-41EA-89FA-4A742F1E5446}.Release|x86.ActiveCfg = Release|Any CPU
		{1134FE39-E03B-41EA-89FA-4A742F1E5446}.Release|x86.Build.0 = Release|Any CPU
		{524BBC9A-0FEB-4559-904A-6391BCC9AE62}.Debug|Any CPU.ActiveCfg = Debug|Any CPU
		{524BBC9A-0FEB-4559-904A-6391BCC9AE62}.Debug|Any CPU.Build.0 = Debug|Any CPU
		{524BBC9A-0FEB-4559-904A-6391BCC9AE62}.Debug|x64.ActiveCfg = Debug|Any CPU
		{524BBC9A-0FEB-4559-904A-6391BCC9AE62}.Debug|x64.Build.0 = Debug|Any CPU
		{524BBC9A-0FEB-4559-904A-6391BCC9AE62}.Debug|x86.ActiveCfg = Debug|Any CPU
		{524BBC9A-0FEB-4559-904A-6391BCC9AE62}.Debug|x86.Build.0 = Debug|Any CPU
		{524BBC9A-0FEB-4559-904A-6391BCC9AE62}.Release|Any CPU.ActiveCfg = Release|Any CPU
		{524BBC9A-0FEB-4559-904A-6391BCC9AE62}.Release|Any CPU.Build.0 = Release|Any CPU
		{524BBC9A-0FEB-4559-904A-6391BCC9AE62}.Release|x64.ActiveCfg = Release|Any CPU
		{524BBC9A-0FEB-4559-904A-6391BCC9AE62}.Release|x64.Build.0 = Release|Any CPU
		{524BBC9A-0FEB-4559-904A-6391BCC9AE62}.Release|x86.ActiveCfg = Release|Any CPU
		{524BBC9A-0FEB-4559-904A-6391BCC9AE62}.Release|x86.Build.0 = Release|Any CPU
		{D6812387-A018-432C-ADC5-939E513E4314}.Debug|Any CPU.ActiveCfg = Debug|Any CPU
		{D6812387-A018-432C-ADC5-939E513E4314}.Debug|Any CPU.Build.0 = Debug|Any CPU
		{D6812387-A018-432C-ADC5-939E513E4314}.Debug|x64.ActiveCfg = Debug|Any CPU
		{D6812387-A018-432C-ADC5-939E513E4314}.Debug|x64.Build.0 = Debug|Any CPU
		{D6812387-A018-432C-ADC5-939E513E4314}.Debug|x86.ActiveCfg = Debug|Any CPU
		{D6812387-A018-432C-ADC5-939E513E4314}.Debug|x86.Build.0 = Debug|Any CPU
		{D6812387-A018-432C-ADC5-939E513E4314}.Release|Any CPU.ActiveCfg = Release|Any CPU
		{D6812387-A018-432C-ADC5-939E513E4314}.Release|Any CPU.Build.0 = Release|Any CPU
		{D6812387-A018-432C-ADC5-939E513E4314}.Release|x64.ActiveCfg = Release|Any CPU
		{D6812387-A018-432C-ADC5-939E513E4314}.Release|x64.Build.0 = Release|Any CPU
		{D6812387-A018-432C-ADC5-939E513E4314}.Release|x86.ActiveCfg = Release|Any CPU
		{D6812387-A018-432C-ADC5-939E513E4314}.Release|x86.Build.0 = Release|Any CPU
		{EEE0655B-C2B1-4E5B-935A-6DEDBBCEEC1C}.Debug|Any CPU.ActiveCfg = Debug|Any CPU
		{EEE0655B-C2B1-4E5B-935A-6DEDBBCEEC1C}.Debug|Any CPU.Build.0 = Debug|Any CPU
		{EEE0655B-C2B1-4E5B-935A-6DEDBBCEEC1C}.Debug|x64.ActiveCfg = Debug|Any CPU
		{EEE0655B-C2B1-4E5B-935A-6DEDBBCEEC1C}.Debug|x64.Build.0 = Debug|Any CPU
		{EEE0655B-C2B1-4E5B-935A-6DEDBBCEEC1C}.Debug|x86.ActiveCfg = Debug|Any CPU
		{EEE0655B-C2B1-4E5B-935A-6DEDBBCEEC1C}.Debug|x86.Build.0 = Debug|Any CPU
		{EEE0655B-C2B1-4E5B-935A-6DEDBBCEEC1C}.Release|Any CPU.ActiveCfg = Release|Any CPU
		{EEE0655B-C2B1-4E5B-935A-6DEDBBCEEC1C}.Release|Any CPU.Build.0 = Release|Any CPU
		{EEE0655B-C2B1-4E5B-935A-6DEDBBCEEC1C}.Release|x64.ActiveCfg = Release|Any CPU
		{EEE0655B-C2B1-4E5B-935A-6DEDBBCEEC1C}.Release|x64.Build.0 = Release|Any CPU
		{EEE0655B-C2B1-4E5B-935A-6DEDBBCEEC1C}.Release|x86.ActiveCfg = Release|Any CPU
		{EEE0655B-C2B1-4E5B-935A-6DEDBBCEEC1C}.Release|x86.Build.0 = Release|Any CPU
		{DB26106C-AAA8-463F-8430-2971998B003E}.Debug|Any CPU.ActiveCfg = Debug|Any CPU
		{DB26106C-AAA8-463F-8430-2971998B003E}.Debug|Any CPU.Build.0 = Debug|Any CPU
		{DB26106C-AAA8-463F-8430-2971998B003E}.Debug|x64.ActiveCfg = Debug|Any CPU
		{DB26106C-AAA8-463F-8430-2971998B003E}.Debug|x64.Build.0 = Debug|Any CPU
		{DB26106C-AAA8-463F-8430-2971998B003E}.Debug|x86.ActiveCfg = Debug|Any CPU
		{DB26106C-AAA8-463F-8430-2971998B003E}.Debug|x86.Build.0 = Debug|Any CPU
		{DB26106C-AAA8-463F-8430-2971998B003E}.Release|Any CPU.ActiveCfg = Release|Any CPU
		{DB26106C-AAA8-463F-8430-2971998B003E}.Release|Any CPU.Build.0 = Release|Any CPU
		{DB26106C-AAA8-463F-8430-2971998B003E}.Release|x64.ActiveCfg = Release|Any CPU
		{DB26106C-AAA8-463F-8430-2971998B003E}.Release|x64.Build.0 = Release|Any CPU
		{DB26106C-AAA8-463F-8430-2971998B003E}.Release|x86.ActiveCfg = Release|Any CPU
		{DB26106C-AAA8-463F-8430-2971998B003E}.Release|x86.Build.0 = Release|Any CPU
		{95C41C7F-14C5-4C33-B8A7-31D804317091}.Debug|Any CPU.ActiveCfg = Debug|Any CPU
		{95C41C7F-14C5-4C33-B8A7-31D804317091}.Debug|Any CPU.Build.0 = Debug|Any CPU
		{95C41C7F-14C5-4C33-B8A7-31D804317091}.Debug|x64.ActiveCfg = Debug|Any CPU
		{95C41C7F-14C5-4C33-B8A7-31D804317091}.Debug|x64.Build.0 = Debug|Any CPU
		{95C41C7F-14C5-4C33-B8A7-31D804317091}.Debug|x86.ActiveCfg = Debug|Any CPU
		{95C41C7F-14C5-4C33-B8A7-31D804317091}.Debug|x86.Build.0 = Debug|Any CPU
		{95C41C7F-14C5-4C33-B8A7-31D804317091}.Release|Any CPU.ActiveCfg = Release|Any CPU
		{95C41C7F-14C5-4C33-B8A7-31D804317091}.Release|Any CPU.Build.0 = Release|Any CPU
		{95C41C7F-14C5-4C33-B8A7-31D804317091}.Release|x64.ActiveCfg = Release|Any CPU
		{95C41C7F-14C5-4C33-B8A7-31D804317091}.Release|x64.Build.0 = Release|Any CPU
		{95C41C7F-14C5-4C33-B8A7-31D804317091}.Release|x86.ActiveCfg = Release|Any CPU
		{95C41C7F-14C5-4C33-B8A7-31D804317091}.Release|x86.Build.0 = Release|Any CPU
		{7635DE55-D2D4-493B-B7F8-F7501FF14612}.Debug|Any CPU.ActiveCfg = Debug|Any CPU
		{7635DE55-D2D4-493B-B7F8-F7501FF14612}.Debug|Any CPU.Build.0 = Debug|Any CPU
		{7635DE55-D2D4-493B-B7F8-F7501FF14612}.Debug|x64.ActiveCfg = Debug|Any CPU
		{7635DE55-D2D4-493B-B7F8-F7501FF14612}.Debug|x64.Build.0 = Debug|Any CPU
		{7635DE55-D2D4-493B-B7F8-F7501FF14612}.Debug|x86.ActiveCfg = Debug|Any CPU
		{7635DE55-D2D4-493B-B7F8-F7501FF14612}.Debug|x86.Build.0 = Debug|Any CPU
		{7635DE55-D2D4-493B-B7F8-F7501FF14612}.Release|Any CPU.ActiveCfg = Release|Any CPU
		{7635DE55-D2D4-493B-B7F8-F7501FF14612}.Release|Any CPU.Build.0 = Release|Any CPU
		{7635DE55-D2D4-493B-B7F8-F7501FF14612}.Release|x64.ActiveCfg = Release|Any CPU
		{7635DE55-D2D4-493B-B7F8-F7501FF14612}.Release|x64.Build.0 = Release|Any CPU
		{7635DE55-D2D4-493B-B7F8-F7501FF14612}.Release|x86.ActiveCfg = Release|Any CPU
		{7635DE55-D2D4-493B-B7F8-F7501FF14612}.Release|x86.Build.0 = Release|Any CPU
	EndGlobalSection
	GlobalSection(SolutionProperties) = preSolution
		HideSolutionNode = FALSE
	EndGlobalSection
	GlobalSection(NestedProjects) = preSolution
		{3E865F30-D7FB-48C9-6126-39D3FCCB931E} = {827E0CD3-B72D-47B6-A68D-7590B98EB39B}
		{B684BEA8-11FE-4F3C-8912-F082AABAC469} = {3E865F30-D7FB-48C9-6126-39D3FCCB931E}
		{7757B762-058D-DE25-69FE-0EE28D12EA91} = {827E0CD3-B72D-47B6-A68D-7590B98EB39B}
		{1134FE39-E03B-41EA-89FA-4A742F1E5446} = {7757B762-058D-DE25-69FE-0EE28D12EA91}
		{6F864390-CFE2-0ED2-5E5F-086846552F07} = {827E0CD3-B72D-47B6-A68D-7590B98EB39B}
		{524BBC9A-0FEB-4559-904A-6391BCC9AE62} = {6F864390-CFE2-0ED2-5E5F-086846552F07}
		{74107BDA-1FEC-27BA-53B8-C34EAC745894} = {827E0CD3-B72D-47B6-A68D-7590B98EB39B}
		{D6812387-A018-432C-ADC5-939E513E4314} = {74107BDA-1FEC-27BA-53B8-C34EAC745894}
		{DF1B13BC-E0E0-CA68-9E0A-BA490D8CF391} = {827E0CD3-B72D-47B6-A68D-7590B98EB39B}
		{EEE0655B-C2B1-4E5B-935A-6DEDBBCEEC1C} = {DF1B13BC-E0E0-CA68-9E0A-BA490D8CF391}
		{42823BCA-5258-21C1-E865-67A72F6BF87E} = {827E0CD3-B72D-47B6-A68D-7590B98EB39B}
		{DB26106C-AAA8-463F-8430-2971998B003E} = {42823BCA-5258-21C1-E865-67A72F6BF87E}
		{690BC43B-6412-5D5A-129B-6153746FCABF} = {827E0CD3-B72D-47B6-A68D-7590B98EB39B}
		{95C41C7F-14C5-4C33-B8A7-31D804317091} = {690BC43B-6412-5D5A-129B-6153746FCABF}
		{D6177195-67A5-BCD7-0CBB-2ABAC7C95789} = {827E0CD3-B72D-47B6-A68D-7590B98EB39B}
		{7635DE55-D2D4-493B-B7F8-F7501FF14612} = {D6177195-67A5-BCD7-0CBB-2ABAC7C95789}
	EndGlobalSection
EndGlobal
